
Microsoft Visual Studio Solution File, Format Version 12.00
# Visual Studio 15
VisualStudioVersion = 15.0.28307.489
MinimumVisualStudioVersion = 10.0.40219.1
Project("{FAE04EC0-301F-11D3-BF4B-00C04F79EFBC}") = "Clucduh", "Clucduh\Clucduh.csproj", "{A63FC5FE-1574-4DCA-BFF5-A4827B0A832A}"
EndProject
Global
	GlobalSection(SolutionConfigurationPlatforms) = preSolution
		Debug|Any CPU = Debug|Any CPU
		Release|Any CPU = Release|Any CPU
	EndGlobalSection
	GlobalSection(ProjectConfigurationPlatforms) = postSolution
		{A63FC5FE-1574-4DCA-BFF5-A4827B0A832A}.Debug|Any CPU.ActiveCfg = Debug|Any CPU
		{A63FC5FE-1574-4DCA-BFF5-A4827B0A832A}.Debug|Any CPU.Build.0 = Debug|Any CPU
		{A63FC5FE-1574-4DCA-BFF5-A4827B0A832A}.Release|Any CPU.ActiveCfg = Release|Any CPU
		{A63FC5FE-1574-4DCA-BFF5-A4827B0A832A}.Release|Any CPU.Build.0 = Release|Any CPU
	EndGlobalSection
	GlobalSection(SolutionProperties) = preSolution
		HideSolutionNode = FALSE
	EndGlobalSection
	GlobalSection(ExtensibilityGlobals) = postSolution
		SolutionGuid = {72EDE99B-C455-471F-AE59-249CA41EC86F}
	EndGlobalSection
EndGlobal
